[[tools.dotnet]]
version = "8.0.414"
backend = "asdf:dotnet"

[[tools."github:pulumi/pulumictl"]]
version = "0.0.50"
backend = "github:pulumi/pulumictl"

[tools."github:pulumi/pulumictl".platforms.macos-arm64]
checksum = "blake3:8d3e52adb952ce25649fa689702c1e80fa031ef636a0fc3f7e31bb0735d6faa7"
size = 26579429
url = "https://github.com/pulumi/pulumictl/releases/download/v0.0.50/pulumictl-v0.0.50-darwin-arm64.tar.gz"

[[tools."github:pulumi/schema-tools"]]
version = "0.6.0"
backend = "github:pulumi/schema-tools"

[tools."github:pulumi/schema-tools".platforms.macos-arm64]
checksum = "blake3:741e51e8faf48d6dd0e1d156af8f73e1ff59b9ef4a3598165704af3a9985b8b7"
size = 13591225
url = "https://github.com/pulumi/schema-tools/releases/download/v0.6.0/schema-tools-v0.6.0-darwin-arm64.tar.gz"

[[tools.go]]
version = "1.25.0"
backend = "core:go"

[tools.go.platforms.macos-arm64]
checksum = "sha256:544932844156d8172f7a28f77f2ac9c15a23046698b6243f633b0a0b00c0749c"
size = 57906112
url = "https://dl.google.com/go/go1.25.0.darwin-arm64.tar.gz"

[[tools.gradle]]
version = "7.6.6"
backend = "aqua:gradle/gradle"

[[tools.java]]
version = "corretto-11.0.28.6.1"
backend = "core:java"

[[tools.node]]
version = "20.19.5"
backend = "core:node"

[[tools."npm:yarn"]]
version = "1.22.22"
backend = "npm:yarn"

[[tools.pulumi]]
version = "3.175.0"
backend = "aqua:pulumi/pulumi"

[tools.pulumi.platforms.linux-x64]
checksum = "sha512:72bd9e201c81554ebf1edc72dc216a912d2c762d474a4c5d7ac0cbf896b7671bb065d7a8202006ef1bddd2f8b9c30cc541d8e3ca5c5d15d636bbabcd2c858664"
size = 91289993
url = "https://github.com/pulumi/pulumi/releases/download/v3.175.0/pulumi-v3.175.0-linux-x64.tar.gz"

[tools.pulumi.platforms.macos-arm64]
checksum = "sha512:46046adba20be73943a890be50167db0fed4f3fca6b27b995ed709cea8be46d95b53f0503801dea8aa342a5cde448706416b53353d22401f1d49a360e8c910df"
size = 83949838
url = "https://github.com/pulumi/pulumi/releases/download/v3.175.0/pulumi-v3.175.0-darwin-arm64.tar.gz"

[[tools.python]]
version = "3.11.8"
backend = "core:python"
