[[tools.dotnet]]
version = "8.0.414"
backend = "asdf:dotnet"

[[tools."github:pulumi/pulumictl"]]
version = "0.0.50"
backend = "github:pulumi/pulumictl"

[tools."github:pulumi/pulumictl".platforms.macos-arm64]
checksum = "blake3:8d3e52adb952ce25649fa689702c1e80fa031ef636a0fc3f7e31bb0735d6faa7"
size = 26579429
url = "https://github.com/pulumi/pulumictl/releases/download/v0.0.50/pulumictl-v0.0.50-darwin-arm64.tar.gz"

[[tools."github:pulumi/schema-tools"]]
version = "0.6.0"
backend = "github:pulumi/schema-tools"

[tools."github:pulumi/schema-tools".platforms.macos-arm64]
checksum = "blake3:741e51e8faf48d6dd0e1d156af8f73e1ff59b9ef4a3598165704af3a9985b8b7"
size = 13591225
url = "https://github.com/pulumi/schema-tools/releases/download/v0.6.0/schema-tools-v0.6.0-darwin-arm64.tar.gz"

[[tools.go]]
version = "1.25.0"
backend = "core:go"

[tools.go.platforms.macos-arm64]
checksum = "sha256:544932844156d8172f7a28f77f2ac9c15a23046698b6243f633b0a0b00c0749c"
size = 57906112
url = "https://dl.google.com/go/go1.25.0.darwin-arm64.tar.gz"

[[tools.gradle]]
version = "7.6.6"
backend = "aqua:gradle/gradle"

[[tools.java]]
version = "corretto-11.0.29.7.1"
backend = "core:java"

[tools.java.platforms.linux-x64]
checksum = "sha256:279c6d3124f8b0251b16297b16687fe8b3946410b05ed27de1259b5e5cea02ba"
size = 195379320
url = "https://corretto.aws/downloads/resources/11.0.29.7.1/amazon-corretto-11.0.29.7.1-linux-x64.tar.gz"

[[tools.node]]
version = "20.19.5"
backend = "core:node"

[[tools."npm:yarn"]]
version = "1.22.22"
backend = "npm:yarn"

[[tools.pulumi]]
version = "3.207.0"
backend = "aqua:pulumi/pulumi"

[[tools.python]]
version = "3.11.8"
backend = "core:python"

[[tools."vfox-pulumi:pulumi/pulumi-aws"]]
version = "7.13.0"
backend = "vfox-pulumi:pulumi/pulumi-aws"

[[tools."vfox-pulumi:pulumi/pulumi-converter-terraform"]]
version = "1.2.4"
backend = "vfox-pulumi:pulumi/pulumi-converter-terraform"

[[tools."vfox-pulumi:pulumi/pulumi-gitlab"]]
version = "9.5.0"
backend = "vfox-pulumi:pulumi/pulumi-gitlab"

[[tools."vfox-pulumi:pulumi/pulumi-local"]]
version = "0.1.6"
backend = "vfox-pulumi:pulumi/pulumi-local"

[[tools."vfox-pulumi:pulumi/pulumi-null"]]
version = "0.0.13"
backend = "vfox-pulumi:pulumi/pulumi-null"

[[tools."vfox-pulumi:pulumi/pulumi-random"]]
version = "4.18.4"
backend = "vfox-pulumi:pulumi/pulumi-random"
